
Microsoft Visual Studio Solution File, Format Version 12.00
# Visual Studio Version 17
VisualStudioVersion = 17.5.002.0
MinimumVisualStudioVersion = 10.0.40219.1
Project("{9A19103F-16F7-4668-BE54-9A1E7A4F7556}") = "ReservationService", "ReservationService\ReservationService.csproj", "{F636D82E-E912-42FC-A382-E12B61B9B27B}"
EndProject
Global
	GlobalSection(SolutionConfigurationPlatforms) = preSolution
		Debug|Any CPU = Debug|Any CPU
		Release|Any CPU = Release|Any CPU
	EndGlobalSection
	GlobalSection(ProjectConfigurationPlatforms) = postSolution
		{F636D82E-E912-42FC-A382-E12B61B9B27B}.Debug|Any CPU.ActiveCfg = Debug|Any CPU
		{F636D82E-E912-42FC-A382-E12B61B9B27B}.Debug|Any CPU.Build.0 = Debug|Any CPU
		{F636D82E-E912-42FC-A382-E12B61B9B27B}.Release|Any CPU.ActiveCfg = Release|Any CPU
		{F636D82E-E912-42FC-A382-E12B61B9B27B}.Release|Any CPU.Build.0 = Release|Any CPU
	EndGlobalSection
	GlobalSection(SolutionProperties) = preSolution
		HideSolutionNode = FALSE
	EndGlobalSection
	GlobalSection(ExtensibilityGlobals) = postSolution
		SolutionGuid = {2284774E-0EF1-43D5-85C9-AF3F5B62709E}
	EndGlobalSection
EndGlobal
